
Microsoft Visual Studio Solution File, Format Version 12.00
# Visual Studio Version 16
VisualStudioVersion = 16.0.29519.87
MinimumVisualStudioVersion = 10.0.40219.1
Project("{9A19103F-16F7-4668-BE54-9A1E7A4F7556}") = "VNH.BE.API", "VNH.BE.API\VNH.BE.API.csproj", "{B2238429-B5C8-462A-AA1B-227F6367D8DC}"
EndProject
Project("{9A19103F-16F7-4668-BE54-9A1E7A4F7556}") = "VNH.BE.Domain", "VNH.BE.Domain\VNH.BE.Domain.csproj", "{52093F64-BC86-48A2-9118-518DE88F6991}"
EndProject
Project("{9A19103F-16F7-4668-BE54-9A1E7A4F7556}") = "VNH.BE.Infrastructure", "VNH.BE.Infrastructure\VNH.BE.Infrastructure.csproj", "{2649D700-0E48-4F85-A43F-61FB318B3CC3}"
EndProject
Global
	GlobalSection(SolutionConfigurationPlatforms) = preSolution
		Debug|Any CPU = Debug|Any CPU
		Release|Any CPU = Release|Any CPU
	EndGlobalSection
	GlobalSection(ProjectConfigurationPlatforms) = postSolution
		{B2238429-B5C8-462A-AA1B-227F6367D8DC}.Debug|Any CPU.ActiveCfg = Debug|Any CPU
		{B2238429-B5C8-462A-AA1B-227F6367D8DC}.Debug|Any CPU.Build.0 = Debug|Any CPU
		{B2238429-B5C8-462A-AA1B-227F6367D8DC}.Release|Any CPU.ActiveCfg = Release|Any CPU
		{B2238429-B5C8-462A-AA1B-227F6367D8DC}.Release|Any CPU.Build.0 = Release|Any CPU
		{52093F64-BC86-48A2-9118-518DE88F6991}.Debug|Any CPU.ActiveCfg = Debug|Any CPU
		{52093F64-BC86-48A2-9118-518DE88F6991}.Debug|Any CPU.Build.0 = Debug|Any CPU
		{52093F64-BC86-48A2-9118-518DE88F6991}.Release|Any CPU.ActiveCfg = Release|Any CPU
		{52093F64-BC86-48A2-9118-518DE88F6991}.Release|Any CPU.Build.0 = Release|Any CPU
		{2649D700-0E48-4F85-A43F-61FB318B3CC3}.Debug|Any CPU.ActiveCfg = Debug|Any CPU
		{2649D700-0E48-4F85-A43F-61FB318B3CC3}.Debug|Any CPU.Build.0 = Debug|Any CPU
		{2649D700-0E48-4F85-A43F-61FB318B3CC3}.Release|Any CPU.ActiveCfg = Release|Any CPU
		{2649D700-0E48-4F85-A43F-61FB318B3CC3}.Release|Any CPU.Build.0 = Release|Any CPU
	EndGlobalSection
	GlobalSection(SolutionProperties) = preSolution
		HideSolutionNode = FALSE
	EndGlobalSection
	GlobalSection(ExtensibilityGlobals) = postSolution
		SolutionGuid = {43E8143B-72F9-4B23-989D-65186935A0CC}
	EndGlobalSection
EndGlobal
